PODS:
  - audioplayers_darwin (0.0.1):
    - Flutter
  - camera_avfoundation (0.0.1):
    - Flutter
  - CashfreeAnalyticsSDK (2.0.5):
    - CFNetworkSDK (~> 2.0.5)
  - CashfreePG (2.0.9):
    - CashfreePGUISDK (~> 2.0.8)
  - CashfreePGCoreSDK (2.0.8):
    - CashfreeAnalyticsSDK (~> 2.0.5)
  - CashfreePGUISDK (2.0.8):
    - CashfreePGCoreSDK (~> 2.0.8)
  - CFNetworkSDK (2.0.5)
  - connectivity_plus (0.0.1):
    - Flutter
    - ReachabilitySwift
  - contacts_service (0.2.2):
    - Flutter
  - device_info_plus (0.0.1):
    - Flutter
  - DKImagePickerController/Core (4.3.4):
    - DKImagePickerController/ImageDataManager
    - DKImagePickerController/Resource
  - DKImagePickerController/ImageDataManager (4.3.4)
  - DKImagePickerController/PhotoGallery (4.3.4):
    - DKImagePickerController/Core
    - DKPhotoGallery
  - DKImagePickerController/Resource (4.3.4)
  - DKPhotoGallery (0.0.17):
    - DKPhotoGallery/Core (= 0.0.17)
    - DKPhotoGallery/Model (= 0.0.17)
    - DKPhotoGallery/Preview (= 0.0.17)
    - DKPhotoGallery/Resource (= 0.0.17)
    - SDWebImage
    - SwiftyGif
  - DKPhotoGallery/Core (0.0.17):
    - DKPhotoGallery/Model
    - DKPhotoGallery/Preview
    - SDWebImage
    - SwiftyGif
  - DKPhotoGallery/Model (0.0.17):
    - SDWebImage
    - SwiftyGif
  - DKPhotoGallery/Preview (0.0.17):
    - DKPhotoGallery/Model
    - DKPhotoGallery/Resource
    - SDWebImage
    - SwiftyGif
  - DKPhotoGallery/Resource (0.0.17):
    - SDWebImage
    - SwiftyGif
  - external_app_launcher (0.0.1):
    - Flutter
  - file_picker (0.0.1):
    - DKImagePickerController/PhotoGallery
    - Flutter
  - Firebase/CoreOnly (10.22.0):
    - FirebaseCore (= 10.22.0)
  - Firebase/Crashlytics (10.22.0):
    - Firebase/CoreOnly
    - FirebaseCrashlytics (~> 10.22.0)
  - Firebase/Messaging (10.22.0):
    - Firebase/CoreOnly
    - FirebaseMessaging (~> 10.22.0)
  - firebase_core (2.28.0):
    - Firebase/CoreOnly (= 10.22.0)
    - Flutter
  - firebase_crashlytics (3.5.0):
    - Firebase/Crashlytics (= 10.22.0)
    - firebase_core
    - Flutter
  - firebase_messaging (14.8.0):
    - Firebase/Messaging (= 10.22.0)
    - firebase_core
    - Flutter
  - FirebaseCore (10.22.0):
    - FirebaseCoreInternal (~> 10.0)
    - GoogleUtilities/Environment (~> 7.12)
    - GoogleUtilities/Logger (~> 7.12)
  - FirebaseCoreExtension (10.23.0):
    - FirebaseCore (~> 10.0)
  - FirebaseCoreInternal (10.23.0):
    - "GoogleUtilities/NSData+zlib (~> 7.8)"
  - FirebaseCrashlytics (10.22.0):
    - FirebaseCore (~> 10.5)
    - FirebaseInstallations (~> 10.0)
    - FirebaseSessions (~> 10.5)
    - GoogleDataTransport (~> 9.2)
    - GoogleUtilities/Environment (~> 7.8)
    - nanopb (< 2.30911.0, >= 2.30908.0)
    - PromisesObjC (~> 2.1)
  - FirebaseInstallations (10.23.0):
    - FirebaseCore (~> 10.0)
    - GoogleUtilities/Environment (~> 7.8)
    - GoogleUtilities/UserDefaults (~> 7.8)
    - PromisesObjC (~> 2.1)
  - FirebaseMessaging (10.22.0):
    - FirebaseCore (~> 10.0)
    - FirebaseInstallations (~> 10.0)
    - GoogleDataTransport (~> 9.3)
    - GoogleUtilities/AppDelegateSwizzler (~> 7.8)
    - GoogleUtilities/Environment (~> 7.8)
    - GoogleUtilities/Reachability (~> 7.8)
    - GoogleUtilities/UserDefaults (~> 7.8)
    - nanopb (< 2.30911.0, >= 2.30908.0)
  - FirebaseSessions (10.23.0):
    - FirebaseCore (~> 10.5)
    - FirebaseCoreExtension (~> 10.0)
    - FirebaseInstallations (~> 10.0)
    - GoogleDataTransport (~> 9.2)
    - GoogleUtilities/Environment (~> 7.10)
    - nanopb (< 2.30911.0, >= 2.30908.0)
    - PromisesSwift (~> 2.1)
  - Flutter (1.0.0)
  - flutter_cashfree_pg_sdk (0.0.1):
    - CashfreePG (~> 2.0.9)
    - Flutter
  - flutter_html_to_pdf (0.0.1):
    - Flutter
  - flutter_inappwebview_ios (0.0.1):
    - Flutter
    - flutter_inappwebview_ios/Core (= 0.0.1)
    - OrderedSet (~> 5.0)
  - flutter_inappwebview_ios/Core (0.0.1):
    - Flutter
    - OrderedSet (~> 5.0)
  - flutter_local_notifications (0.0.1):
    - Flutter
  - fluttertoast (0.0.2):
    - Flutter
    - Toast
  - geolocator_apple (1.2.0):
    - Flutter
  - GoogleDataTransport (9.4.1):
    - GoogleUtilities/Environment (~> 7.7)
    - nanopb (< 2.30911.0, >= 2.30908.0)
    - PromisesObjC (< 3.0, >= 1.2)
  - GoogleUtilities/AppDelegateSwizzler (7.13.0):
    - GoogleUtilities/Environment
    - GoogleUtilities/Logger
    - GoogleUtilities/Network
    - GoogleUtilities/Privacy
  - GoogleUtilities/Environment (7.13.0):
    - GoogleUtilities/Privacy
    - PromisesObjC (< 3.0, >= 1.2)
  - GoogleUtilities/Logger (7.13.0):
    - GoogleUtilities/Environment
    - GoogleUtilities/Privacy
  - GoogleUtilities/Network (7.13.0):
    - GoogleUtilities/Logger
    - "GoogleUtilities/NSData+zlib"
    - GoogleUtilities/Privacy
    - GoogleUtilities/Reachability
  - "GoogleUtilities/NSData+zlib (7.13.0)":
    - GoogleUtilities/Privacy
  - GoogleUtilities/Privacy (7.13.0)
  - GoogleUtilities/Reachability (7.13.0):
    - GoogleUtilities/Logger
    - GoogleUtilities/Privacy
  - GoogleUtilities/UserDefaults (7.13.0):
    - GoogleUtilities/Logger
    - GoogleUtilities/Privacy
  - image_editor_common (1.0.0):
    - Flutter
  - image_picker_ios (0.0.1):
    - Flutter
  - libwebp (1.3.2):
    - libwebp/demux (= 1.3.2)
    - libwebp/mux (= 1.3.2)
    - libwebp/sharpyuv (= 1.3.2)
    - libwebp/webp (= 1.3.2)
  - libwebp/demux (1.3.2):
    - libwebp/webp
  - libwebp/mux (1.3.2):
    - libwebp/demux
  - libwebp/sharpyuv (1.3.2)
  - libwebp/webp (1.3.2):
    - libwebp/sharpyuv
  - MTBBarcodeScanner (5.0.11)
  - nanopb (2.30910.0):
    - nanopb/decode (= 2.30910.0)
    - nanopb/encode (= 2.30910.0)
  - nanopb/decode (2.30910.0)
  - nanopb/encode (2.30910.0)
  - open_file (0.0.1):
    - Flutter
  - OrderedSet (5.0.0)
  - otp_autofill (0.0.1):
    - Flutter
  - package_info_plus (0.4.5):
    - Flutter
  - path_provider_foundation (0.0.1):
    - Flutter
    - FlutterMacOS
  - paytm_allinonesdk (1.2.4):
    - Flutter
  - payu_checkoutpro_flutter (1.0.2):
    - Flutter
    - PayUIndia-CheckoutPro (~> 7.4)
  - PayUIndia-Analytics (3.0.0):
    - PayUIndia-NetworkReachability (~> 1.0)
  - PayUIndia-AssetLibrary (3.3.2)
  - PayUIndia-CardScanner (1.0.0)
  - PayUIndia-CheckoutPro (7.6.0):
    - PayUIndia-Analytics (= 3.0)
    - PayUIndia-AssetLibrary (~> 3.3)
    - PayUIndia-CardScanner (~> 1.0)
    - PayUIndia-CheckoutProBase (~> 7.6)
    - PayUIndia-CommonUI (~> 1.1)
    - PayUIndia-CrashReporter (~> 3.0)
    - PayUIndia-Custom-Browser (~> 10.2)
    - PayUIndia-NativeOtpAssist (~> 3.3)
    - PayUIndia-NetworkReachability (~> 1.0)
    - PayUIndia-PayUParams (~> 5.4)
    - PayUIndia-PG-SDK (~> 10.4)
    - PayUIndia-UPICore (~> 9.2)
  - PayUIndia-CheckoutProBase (7.6.0):
    - PayUIndia-PayUParams (~> 5.4)
  - PayUIndia-CommonUI (1.2.0):
    - PayUIndia-Analytics (= 3.0)
  - PayUIndia-CrashReporter (3.0.0)
  - PayUIndia-Custom-Browser (10.2.0):
    - PayUIndia-Analytics (= 3.0)
    - PayUIndia-CommonUI (~> 1.1)
  - PayUIndia-Logger (4.0.0)
  - PayUIndia-NativeOtpAssist (3.3.0):
    - PayUIndia-Analytics (~> 3.0)
    - PayUIndia-CommonUI (~> 1.2)
    - PayUIndia-CrashReporter (~> 3.0)
    - PayUIndia-NetworkReachability (~> 1.0)
    - PayUIndia-PayUParams (~> 5.3)
  - PayUIndia-Networking (4.1.0):
    - PayUIndia-Logger (= 4.0.0)
  - PayUIndia-NetworkReachability (1.0.1)
  - PayUIndia-PayUParams (5.4.0)
  - PayUIndia-PG-SDK (10.4.1):
    - PayUIndia-CrashReporter (~> 3.0)
    - PayUIndia-NetworkReachability (~> 1.0)
    - PayUIndia-PayUParams (~> 5.3)
  - PayUIndia-UPICore (9.2.0):
    - PayUIndia-CommonUI (~> 1.2)
    - PayUIndia-Networking (~> 4.1)
    - PayUIndia-PayUParams (~> 5.3)
  - pdfx (1.0.0):
    - Flutter
  - permission_handler_apple (9.1.1):
    - Flutter
  - phonepe_payment_sdk (1.1.0):
    - Flutter
    - PhonePePayment (= 2.7.3)
  - PhonePePayment (2.7.3)
  - PromisesObjC (2.4.0)
  - PromisesSwift (2.4.0):
    - PromisesObjC (= 2.4.0)
  - qr_code_scanner (0.2.0):
    - Flutter
    - MTBBarcodeScanner
  - razorpay-pod (1.3.6)
  - razorpay_flutter (1.1.10):
    - Flutter
    - razorpay-pod
  - ReachabilitySwift (5.2.1)
  - SDWebImage (5.19.1):
    - SDWebImage/Core (= 5.19.1)
  - SDWebImage/Core (5.19.1)
  - share (0.0.1):
    - Flutter
  - sqflite (0.0.3):
    - Flutter
    - FlutterMacOS
  - SwiftyGif (5.4.5)
  - Toast (4.1.0)
  - url_launcher_ios (0.0.1):
    - Flutter
  - vibration (1.7.5):
    - Flutter
  - video_compress (0.3.0):
    - Flutter
  - video_player_avfoundation (0.0.1):
    - Flutter
    - FlutterMacOS
  - video_thumbnail (0.0.1):
    - Flutter
    - libwebp
  - webview_flutter_wkwebview (0.0.1):
    - Flutter
  - weipl_checkout (1.3.0)
  - weipl_checkout_flutter (1.0.7):
    - Flutter
    - weipl_checkout

DEPENDENCIES:
  - audioplayers_darwin (from `.symlinks/plugins/audioplayers_darwin/ios`)
  - camera_avfoundation (from `.symlinks/plugins/camera_avfoundation/ios`)
  - connectivity_plus (from `.symlinks/plugins/connectivity_plus/ios`)
  - contacts_service (from `.symlinks/plugins/contacts_service/ios`)
  - device_info_plus (from `.symlinks/plugins/device_info_plus/ios`)
  - external_app_launcher (from `.symlinks/plugins/external_app_launcher/ios`)
  - file_picker (from `.symlinks/plugins/file_picker/ios`)
  - firebase_core (from `.symlinks/plugins/firebase_core/ios`)
  - firebase_crashlytics (from `.symlinks/plugins/firebase_crashlytics/ios`)
  - firebase_messaging (from `.symlinks/plugins/firebase_messaging/ios`)
  - Flutter (from `Flutter`)
  - flutter_cashfree_pg_sdk (from `.symlinks/plugins/flutter_cashfree_pg_sdk/ios`)
  - flutter_html_to_pdf (from `.symlinks/plugins/flutter_html_to_pdf/ios`)
  - flutter_inappwebview_ios (from `.symlinks/plugins/flutter_inappwebview_ios/ios`)
  - flutter_local_notifications (from `.symlinks/plugins/flutter_local_notifications/ios`)
  - fluttertoast (from `.symlinks/plugins/fluttertoast/ios`)
  - geolocator_apple (from `.symlinks/plugins/geolocator_apple/ios`)
  - image_editor_common (from `.symlinks/plugins/image_editor_common/ios`)
  - image_picker_ios (from `.symlinks/plugins/image_picker_ios/ios`)
  - open_file (from `.symlinks/plugins/open_file/ios`)
  - otp_autofill (from `.symlinks/plugins/otp_autofill/ios`)
  - package_info_plus (from `.symlinks/plugins/package_info_plus/ios`)
  - path_provider_foundation (from `.symlinks/plugins/path_provider_foundation/darwin`)
  - paytm_allinonesdk (from `.symlinks/plugins/paytm_allinonesdk/ios`)
  - payu_checkoutpro_flutter (from `.symlinks/plugins/payu_checkoutpro_flutter/ios`)
  - pdfx (from `.symlinks/plugins/pdfx/ios`)
  - permission_handler_apple (from `.symlinks/plugins/permission_handler_apple/ios`)
  - phonepe_payment_sdk (from `.symlinks/plugins/phonepe_payment_sdk/ios`)
  - qr_code_scanner (from `.symlinks/plugins/qr_code_scanner/ios`)
  - razorpay_flutter (from `.symlinks/plugins/razorpay_flutter/ios`)
  - share (from `.symlinks/plugins/share/ios`)
  - sqflite (from `.symlinks/plugins/sqflite/darwin`)
  - url_launcher_ios (from `.symlinks/plugins/url_launcher_ios/ios`)
  - vibration (from `.symlinks/plugins/vibration/ios`)
  - video_compress (from `.symlinks/plugins/video_compress/ios`)
  - video_player_avfoundation (from `.symlinks/plugins/video_player_avfoundation/darwin`)
  - video_thumbnail (from `.symlinks/plugins/video_thumbnail/ios`)
  - webview_flutter_wkwebview (from `.symlinks/plugins/webview_flutter_wkwebview/ios`)
  - weipl_checkout_flutter (from `.symlinks/plugins/weipl_checkout_flutter/ios`)

SPEC REPOS:
  trunk:
    - CashfreeAnalyticsSDK
    - CashfreePG
    - CashfreePGCoreSDK
    - CashfreePGUISDK
    - CFNetworkSDK
    - DKImagePickerController
    - DKPhotoGallery
    - Firebase
    - FirebaseCore
    - FirebaseCoreExtension
    - FirebaseCoreInternal
    - FirebaseCrashlytics
    - FirebaseInstallations
    - FirebaseMessaging
    - FirebaseSessions
    - GoogleDataTransport
    - GoogleUtilities
    - libwebp
    - MTBBarcodeScanner
    - nanopb
    - OrderedSet
    - PayUIndia-Analytics
    - PayUIndia-AssetLibrary
    - PayUIndia-CardScanner
    - PayUIndia-CheckoutPro
    - PayUIndia-CheckoutProBase
    - PayUIndia-CommonUI
    - PayUIndia-CrashReporter
    - PayUIndia-Custom-Browser
    - PayUIndia-Logger
    - PayUIndia-NativeOtpAssist
    - PayUIndia-Networking
    - PayUIndia-NetworkReachability
    - PayUIndia-PayUParams
    - PayUIndia-PG-SDK
    - PayUIndia-UPICore
    - PhonePePayment
    - PromisesObjC
    - PromisesSwift
    - razorpay-pod
    - ReachabilitySwift
    - SDWebImage
    - SwiftyGif
    - Toast
    - weipl_checkout

EXTERNAL SOURCES:
  audioplayers_darwin:
    :path: ".symlinks/plugins/audioplayers_darwin/ios"
  camera_avfoundation:
    :path: ".symlinks/plugins/camera_avfoundation/ios"
  connectivity_plus:
    :path: ".symlinks/plugins/connectivity_plus/ios"
  contacts_service:
    :path: ".symlinks/plugins/contacts_service/ios"
  device_info_plus:
    :path: ".symlinks/plugins/device_info_plus/ios"
  external_app_launcher:
    :path: ".symlinks/plugins/external_app_launcher/ios"
  file_picker:
    :path: ".symlinks/plugins/file_picker/ios"
  firebase_core:
    :path: ".symlinks/plugins/firebase_core/ios"
  firebase_crashlytics:
    :path: ".symlinks/plugins/firebase_crashlytics/ios"
  firebase_messaging:
    :path: ".symlinks/plugins/firebase_messaging/ios"
  Flutter:
    :path: Flutter
  flutter_cashfree_pg_sdk:
    :path: ".symlinks/plugins/flutter_cashfree_pg_sdk/ios"
  flutter_html_to_pdf:
    :path: ".symlinks/plugins/flutter_html_to_pdf/ios"
  flutter_inappwebview_ios:
    :path: ".symlinks/plugins/flutter_inappwebview_ios/ios"
  flutter_local_notifications:
    :path: ".symlinks/plugins/flutter_local_notifications/ios"
  fluttertoast:
    :path: ".symlinks/plugins/fluttertoast/ios"
  geolocator_apple:
    :path: ".symlinks/plugins/geolocator_apple/ios"
  image_editor_common:
    :path: ".symlinks/plugins/image_editor_common/ios"
  image_picker_ios:
    :path: ".symlinks/plugins/image_picker_ios/ios"
  open_file:
    :path: ".symlinks/plugins/open_file/ios"
  otp_autofill:
    :path: ".symlinks/plugins/otp_autofill/ios"
  package_info_plus:
    :path: ".symlinks/plugins/package_info_plus/ios"
  path_provider_foundation:
    :path: ".symlinks/plugins/path_provider_foundation/darwin"
  paytm_allinonesdk:
    :path: ".symlinks/plugins/paytm_allinonesdk/ios"
  payu_checkoutpro_flutter:
    :path: ".symlinks/plugins/payu_checkoutpro_flutter/ios"
  pdfx:
    :path: ".symlinks/plugins/pdfx/ios"
  permission_handler_apple:
    :path: ".symlinks/plugins/permission_handler_apple/ios"
  phonepe_payment_sdk:
    :path: ".symlinks/plugins/phonepe_payment_sdk/ios"
  qr_code_scanner:
    :path: ".symlinks/plugins/qr_code_scanner/ios"
  razorpay_flutter:
    :path: ".symlinks/plugins/razorpay_flutter/ios"
  share:
    :path: ".symlinks/plugins/share/ios"
  sqflite:
    :path: ".symlinks/plugins/sqflite/darwin"
  url_launcher_ios:
    :path: ".symlinks/plugins/url_launcher_ios/ios"
  vibration:
    :path: ".symlinks/plugins/vibration/ios"
  video_compress:
    :path: ".symlinks/plugins/video_compress/ios"
  video_player_avfoundation:
    :path: ".symlinks/plugins/video_player_avfoundation/darwin"
  video_thumbnail:
    :path: ".symlinks/plugins/video_thumbnail/ios"
  webview_flutter_wkwebview:
    :path: ".symlinks/plugins/webview_flutter_wkwebview/ios"
  weipl_checkout_flutter:
    :path: ".symlinks/plugins/weipl_checkout_flutter/ios"

SPEC CHECKSUMS:
  audioplayers_darwin: 877d9a4d06331c5c374595e46e16453ac7eafa40
  camera_avfoundation: 759172d1a77ae7be0de08fc104cfb79738b8a59e
  CashfreeAnalyticsSDK: 6d3825916b1f37e38e26cc3b825eef31c9a8b4b9
  CashfreePG: 857dffd7e7ecec2b3efc572d3ff0ebf5f59dc342
  CashfreePGCoreSDK: 8ad9ae1bc97668d5399e936e2de00d6d103a7bfb
  CashfreePGUISDK: 891276c947bc2aea7f3990bb60c19cd62c631313
  CFNetworkSDK: 02adc1210041ce65a6653049c730c9db2f73451a
  connectivity_plus: 07c49e96d7fc92bc9920617b83238c4d178b446a
  contacts_service: 849e1f84281804c8bfbec1b4c3eedcb23c5d3eca
  device_info_plus: c6fb39579d0f423935b0c9ce7ee2f44b71b9fce6
  DKImagePickerController: b512c28220a2b8ac7419f21c491fc8534b7601ac
  DKPhotoGallery: fdfad5125a9fdda9cc57df834d49df790dbb4179
  external_app_launcher: ad55ac844aa21f2d2197d7cec58ff0d0dc40bbc0
  file_picker: 15fd9539e4eb735dc54bae8c0534a7a9511a03de
  Firebase: 797fd7297b7e1be954432743a0b3f90038e45a71
  firebase_core: d955499180c3c8ef355adf46b8752c4c01d09e0a
  firebase_crashlytics: 6ddcbdb33350f98b8e3becef289b98bcc00f0b5e
  firebase_messaging: 23c8eaa885a11552e45c98b7a08ba81860092883
  FirebaseCore: 0326ec9b05fbed8f8716cddbf0e36894a13837f7
  FirebaseCoreExtension: cb88851781a24e031d1b58e0bd01eb1f46b044b5
  FirebaseCoreInternal: 6a292e6f0bece1243a737e81556e56e5e19282e3
  FirebaseCrashlytics: e568d68ce89117c80cddb04073ab9018725fbb8c
  FirebaseInstallations: 42d6ead4605d6eafb3b6683674e80e18eb6f2c35
  FirebaseMessaging: 9f71037fd9db3376a4caa54e5a3949d1027b4b6e
  FirebaseSessions: f06853e30f99fe42aa511014d7ee6c8c319f08a3
  Flutter: e0871f40cf51350855a761d2e70bf5af5b9b5de7
  flutter_cashfree_pg_sdk: 9ce154ee42d51a92a66e42bb6bd5f6dd3ff8a226
  flutter_html_to_pdf: 0fd9f8d04f335d68b06a7c4ab5fc85d22e1ef91b
  flutter_inappwebview_ios: 97215cf7d4677db55df76782dbd2930c5e1c1ea0
  flutter_local_notifications: 4cde75091f6327eb8517fa068a0a5950212d2086
  fluttertoast: 31b00dabfa7fb7bacd9e7dbee580d7a2ff4bf265
  geolocator_apple: 6cbaf322953988e009e5ecb481f07efece75c450
  GoogleDataTransport: 6c09b596d841063d76d4288cc2d2f42cc36e1e2a
  GoogleUtilities: d053d902a8edaa9904e1bd00c37535385b8ed152
  image_editor_common: d6f6644ae4a6de80481e89fe6d0a8c49e30b4b43
  image_picker_ios: b545a5f16c0fa88e3ecbbce3ed4de45567a8ec18
  libwebp: 1786c9f4ff8a279e4dac1e8f385004d5fc253009
  MTBBarcodeScanner: f453b33c4b7dfe545d8c6484ed744d55671788cb
  nanopb: 438bc412db1928dac798aa6fd75726007be04262
  open_file: 02eb5cb6b21264bd3a696876f5afbfb7ca4f4b7d
  OrderedSet: aaeb196f7fef5a9edf55d89760da9176ad40b93c
  otp_autofill: 93bcc21475705d35445927cb9aef24e818bbf083
  package_info_plus: 115f4ad11e0698c8c1c5d8a689390df880f47e85
  path_provider_foundation: 3784922295ac71e43754bd15e0653ccfd36a147c
  paytm_allinonesdk: cb5e007fefed53454659a01800433ee3fdb07344
  payu_checkoutpro_flutter: ee466f649f7ea32a5a8909c9558980d7e52994f1
  PayUIndia-Analytics: a23768b29283ef781783f38a99c1cf2235020d58
  PayUIndia-AssetLibrary: f695588fb218bd7f85def8a61b397158c6bbf38e
  PayUIndia-CardScanner: 42a10e1112f1bc954fdb407dd6de472fbf31fa27
  PayUIndia-CheckoutPro: 61e262d6f001813193a3db5dece37dcc5a41a092
  PayUIndia-CheckoutProBase: 5911493acecbe806d2385c2873cd7c100b424c22
  PayUIndia-CommonUI: 474ece97366ff21dbc6aa7566443ad5a9cf897d4
  PayUIndia-CrashReporter: 5e3d459c0ec8c88573bd4510f42f47e10d52f319
  PayUIndia-Custom-Browser: 23c25f8ff8417dc5258d881d593fbd1885c917dc
  PayUIndia-Logger: e353d9dd576bac593e428dfbadedf337cbb48b78
  PayUIndia-NativeOtpAssist: 80693ad5e4eb8df374f5e72a3bf462f235e82d36
  PayUIndia-Networking: 10487dda397cc9b221361a862b2c8ab3510c4408
  PayUIndia-NetworkReachability: 99e69781b3be99d7b713075ab7b73e6d73a153e4
  PayUIndia-PayUParams: 7b1b44a310a6d486e27d5c6d5de00a673f40ead4
  PayUIndia-PG-SDK: be845ef81b696fccbda710601b9089ea3870aa20
  PayUIndia-UPICore: c780234669ee04b4fc032af9446ab79918512a0f
  pdfx: 7b876b09de8b7a0bf444a4f82b439ffcff4ee1ec
  permission_handler_apple: e76247795d700c14ea09e3a2d8855d41ee80a2e6
  phonepe_payment_sdk: 62696b0fa1265e9c5111ff0af49eda3cb5d58012
  PhonePePayment: 13abece65df5d9ca6f976b001e7a91112b5c2107
  PromisesObjC: f5707f49cb48b9636751c5b2e7d227e43fba9f47
  PromisesSwift: 9d77319bbe72ebf6d872900551f7eeba9bce2851
  qr_code_scanner: bb67d64904c3b9658ada8c402e8b4d406d5d796e
  razorpay-pod: 29b4d9e0a868a9234eaa7be0fbd09484bbfa9973
  razorpay_flutter: 84b3bfd206ae9c9c2a9ba585524a1b3d8102b6c1
  ReachabilitySwift: 5ae15e16814b5f9ef568963fb2c87aeb49158c66
  SDWebImage: 40b0b4053e36c660a764958bff99eed16610acbb
  share: 0b2c3e82132f5888bccca3351c504d0003b3b410
  sqflite: 673a0e54cc04b7d6dba8d24fb8095b31c3a99eec
  SwiftyGif: 706c60cf65fa2bc5ee0313beece843c8eb8194d4
  Toast: ec33c32b8688982cecc6348adeae667c1b9938da
  url_launcher_ios: 6116280ddcfe98ab8820085d8d76ae7449447586
  vibration: 7d883d141656a1c1a6d8d238616b2042a51a1241
  video_compress: fce97e4fb1dfd88175aa07d2ffc8a2f297f87fbe
  video_player_avfoundation: 02011213dab73ae3687df27ce441fbbcc82b5579
  video_thumbnail: c4e2a3c539e247d4de13cd545344fd2d26ffafd1
  webview_flutter_wkwebview: be0f0d33777f1bfd0c9fdcb594786704dbf65f36
  weipl_checkout: 28279f64560bca3cdc5d8d3e1304b6e8b9069d50
  weipl_checkout_flutter: 0e216a502a1b01d922a9759afdf7eb744153a7b3

PODFILE CHECKSUM: 775997f741c536251164e3eacf6e34abf2eb7a17

COCOAPODS: 1.14.3
